
Microsoft Visual Studio Solution File, Format Version 12.00
# Visual Studio Version 17
VisualStudioVersion = 17.2.32616.157
MinimumVisualStudioVersion = 10.0.40219.1
Project("{FAE04EC0-301F-11D3-BF4B-00C04F79EFBC}") = "Propiedades_de_los_sistemas", "Propiedades_de_los_sistemas\Propiedades_de_los_sistemas.csproj", "{664D65C8-B530-4505-B52D-DC7F9B32457F}"
EndProject
Project("{2150E333-8FDC-42A3-9474-1A3956D46DE8}") = "Elementos de la solución", "Elementos de la solución", "{85DB70F2-31E8-41E6-840F-BE4F5C77E62C}"
	ProjectSection(SolutionItems) = preProject
		leader.txt = leader.txt
	EndProjectSection
EndProject
Global
	GlobalSection(SolutionConfigurationPlatforms) = preSolution
		Debug|Any CPU = Debug|Any CPU
		Release|Any CPU = Release|Any CPU
	EndGlobalSection
	GlobalSection(ProjectConfigurationPlatforms) = postSolution
		{664D65C8-B530-4505-B52D-DC7F9B32457F}.Debug|Any CPU.ActiveCfg = Debug|Any CPU
		{664D65C8-B530-4505-B52D-DC7F9B32457F}.Debug|Any CPU.Build.0 = Debug|Any CPU
		{664D65C8-B530-4505-B52D-DC7F9B32457F}.Release|Any CPU.ActiveCfg = Release|Any CPU
		{664D65C8-B530-4505-B52D-DC7F9B32457F}.Release|Any CPU.Build.0 = Release|Any CPU
	EndGlobalSection
	GlobalSection(SolutionProperties) = preSolution
		HideSolutionNode = FALSE
	EndGlobalSection
	GlobalSection(ExtensibilityGlobals) = postSolution
		SolutionGuid = {B926FAC6-84D2-4CEE-ADD1-54950EEFEEC6}
	EndGlobalSection
EndGlobal
